
Microsoft Visual Studio Solution File, Format Version 12.00
# Visual Studio Version 17
VisualStudioVersion = 17.14.36212.18
MinimumVisualStudioVersion = 10.0.40219.1
Project("{FAE04EC0-301F-11D3-BF4B-00C04F79EFBC}") = "Practico.Windows", "Practico.Windows\Practico.Windows.csproj", "{8803C333-E755-40E6-4084-6023485EFC32}"
EndProject
Project("{FAE04EC0-301F-11D3-BF4B-00C04F79EFBC}") = "Practico.Utilidades", "Practico.Utilidades\Practico.Utilidades.csproj", "{724D0EF9-26B1-0756-6556-00750810B1D0}"
EndProject
Global
	GlobalSection(SolutionConfigurationPlatforms) = preSolution
		Debug|Any CPU = Debug|Any CPU
		Release|Any CPU = Release|Any CPU
	EndGlobalSection
	GlobalSection(ProjectConfigurationPlatforms) = postSolution
		{8803C333-E755-40E6-4084-6023485EFC32}.Debug|Any CPU.ActiveCfg = Debug|Any CPU
		{8803C333-E755-40E6-4084-6023485EFC32}.Debug|Any CPU.Build.0 = Debug|Any CPU
		{8803C333-E755-40E6-4084-6023485EFC32}.Release|Any CPU.ActiveCfg = Release|Any CPU
		{8803C333-E755-40E6-4084-6023485EFC32}.Release|Any CPU.Build.0 = Release|Any CPU
		{724D0EF9-26B1-0756-6556-00750810B1D0}.Debug|Any CPU.ActiveCfg = Debug|Any CPU
		{724D0EF9-26B1-0756-6556-00750810B1D0}.Debug|Any CPU.Build.0 = Debug|Any CPU
		{724D0EF9-26B1-0756-6556-00750810B1D0}.Release|Any CPU.ActiveCfg = Release|Any CPU
		{724D0EF9-26B1-0756-6556-00750810B1D0}.Release|Any CPU.Build.0 = Release|Any CPU
	EndGlobalSection
	GlobalSection(SolutionProperties) = preSolution
		HideSolutionNode = FALSE
	EndGlobalSection
	GlobalSection(ExtensibilityGlobals) = postSolution
		SolutionGuid = {2A93B63B-15D7-4961-AC28-3575ED76D4FA}
	EndGlobalSection
EndGlobal
